
Microsoft Visual Studio Solution File, Format Version 12.00
# Visual Studio Version 17
VisualStudioVersion = 17.9.34728.123
MinimumVisualStudioVersion = 10.0.40219.1
Project("{FAE04EC0-301F-11D3-BF4B-00C04F79EFBC}") = "Laboratorio1", "Laboratorio1\Laboratorio1.csproj", "{76F8DE22-DDA6-43FD-A193-0141F65695F0}"
EndProject
Global
	GlobalSection(SolutionConfigurationPlatforms) = preSolution
		Debug|Any CPU = Debug|Any CPU
		Release|Any CPU = Release|Any CPU
	EndGlobalSection
	GlobalSection(ProjectConfigurationPlatforms) = postSolution
		{76F8DE22-DDA6-43FD-A193-0141F65695F0}.Debug|Any CPU.ActiveCfg = Debug|Any CPU
		{76F8DE22-DDA6-43FD-A193-0141F65695F0}.Debug|Any CPU.Build.0 = Debug|Any CPU
		{76F8DE22-DDA6-43FD-A193-0141F65695F0}.Release|Any CPU.ActiveCfg = Release|Any CPU
		{76F8DE22-DDA6-43FD-A193-0141F65695F0}.Release|Any CPU.Build.0 = Release|Any CPU
	EndGlobalSection
	GlobalSection(SolutionProperties) = preSolution
		HideSolutionNode = FALSE
	EndGlobalSection
	GlobalSection(ExtensibilityGlobals) = postSolution
		SolutionGuid = {2157D6C1-2AF9-47A5-86E9-3FDD215E46A1}
	EndGlobalSection
EndGlobal
